<Solution>
  <Project Path="Ejercicio 1/Ejercicio 1.csproj" />
  <Project Path="Ejercicio 2/Ejercicio 2.csproj" />
  <Project Path="Ejercicio 3/Ejercicio 3.csproj" />
  <Project Path="Ejercicio 4/Ejercicio 4.csproj" Id="7953ff19-fe1a-4b13-a1dd-23437e25a1d2" />
  <Project Path="Ejercicio 5/Ejercicio 5.csproj" Id="704a0423-f32a-41e5-a757-41e515c0116a" />
</Solution>
